
Microsoft Visual Studio Solution File, Format Version 12.00
# Visual Studio Version 17
VisualStudioVersion = 17.6.33723.286
MinimumVisualStudioVersion = 10.0.40219.1
Project("{FAE04EC0-301F-11D3-BF4B-00C04F79EFBC}") = "Dictionary", "Dictionary\Dictionary.csproj", "{06A2E6F4-34D4-422B-9E22-CBD93E37020A}"
EndProject
Global
	GlobalSection(SolutionConfigurationPlatforms) = preSolution
		Debug|Any CPU = Debug|Any CPU
		Release|Any CPU = Release|Any CPU
	EndGlobalSection
	GlobalSection(ProjectConfigurationPlatforms) = postSolution
		{06A2E6F4-34D4-422B-9E22-CBD93E37020A}.Debug|Any CPU.ActiveCfg = Debug|Any CPU
		{06A2E6F4-34D4-422B-9E22-CBD93E37020A}.Debug|Any CPU.Build.0 = Debug|Any CPU
		{06A2E6F4-34D4-422B-9E22-CBD93E37020A}.Release|Any CPU.ActiveCfg = Release|Any CPU
		{06A2E6F4-34D4-422B-9E22-CBD93E37020A}.Release|Any CPU.Build.0 = Release|Any CPU
	EndGlobalSection
	GlobalSection(SolutionProperties) = preSolution
		HideSolutionNode = FALSE
	EndGlobalSection
	GlobalSection(ExtensibilityGlobals) = postSolution
		SolutionGuid = {BC4DC89A-24FC-4B05-93C0-D79B3B76EA56}
	EndGlobalSection
EndGlobal
