
Microsoft Visual Studio Solution File, Format Version 12.00
# Visual Studio Version 17
VisualStudioVersion = 17.5.33530.505
MinimumVisualStudioVersion = 10.0.40219.1
Project("{FAE04EC0-301F-11D3-BF4B-00C04F79EFBC}") = "Exercise", "Exercise\Exercise.csproj", "{3FBF68AA-910E-4664-9F7B-54276260FB97}"
EndProject
Global
	GlobalSection(SolutionConfigurationPlatforms) = preSolution
		Debug|Any CPU = Debug|Any CPU
		Release|Any CPU = Release|Any CPU
	EndGlobalSection
	GlobalSection(ProjectConfigurationPlatforms) = postSolution
		{3FBF68AA-910E-4664-9F7B-54276260FB97}.Debug|Any CPU.ActiveCfg = Debug|Any CPU
		{3FBF68AA-910E-4664-9F7B-54276260FB97}.Debug|Any CPU.Build.0 = Debug|Any CPU
		{3FBF68AA-910E-4664-9F7B-54276260FB97}.Release|Any CPU.ActiveCfg = Release|Any CPU
		{3FBF68AA-910E-4664-9F7B-54276260FB97}.Release|Any CPU.Build.0 = Release|Any CPU
	EndGlobalSection
	GlobalSection(SolutionProperties) = preSolution
		HideSolutionNode = FALSE
	EndGlobalSection
	GlobalSection(ExtensibilityGlobals) = postSolution
		SolutionGuid = {EAC21979-60EC-4139-BAED-3F0F34C94284}
	EndGlobalSection
EndGlobal
