
Microsoft Visual Studio Solution File, Format Version 12.00
# Visual Studio Version 17
VisualStudioVersion = 17.0.31903.59
MinimumVisualStudioVersion = 10.0.40219.1
Project("{FAE04EC0-301F-11D3-BF4B-00C04F79EFBC}") = "Calculadora", "Calculadora\Calculadora.csproj", "{C6437471-B402-4748-BD17-6DF19E7CD1C8}"
EndProject
Project("{FAE04EC0-301F-11D3-BF4B-00C04F79EFBC}") = "CalculadoraTestes", "CalculadoraTestes\CalculadoraTestes.csproj", "{1EB8727A-7230-4C4C-A9F3-0B9893A930FA}"
EndProject
Global
	GlobalSection(SolutionConfigurationPlatforms) = preSolution
		Debug|Any CPU = Debug|Any CPU
		Release|Any CPU = Release|Any CPU
	EndGlobalSection
	GlobalSection(SolutionProperties) = preSolution
		HideSolutionNode = FALSE
	EndGlobalSection
	GlobalSection(ProjectConfigurationPlatforms) = postSolution
		{C6437471-B402-4748-BD17-6DF19E7CD1C8}.Debug|Any CPU.ActiveCfg = Debug|Any CPU
		{C6437471-B402-4748-BD17-6DF19E7CD1C8}.Debug|Any CPU.Build.0 = Debug|Any CPU
		{C6437471-B402-4748-BD17-6DF19E7CD1C8}.Release|Any CPU.ActiveCfg = Release|Any CPU
		{C6437471-B402-4748-BD17-6DF19E7CD1C8}.Release|Any CPU.Build.0 = Release|Any CPU
		{1EB8727A-7230-4C4C-A9F3-0B9893A930FA}.Debug|Any CPU.ActiveCfg = Debug|Any CPU
		{1EB8727A-7230-4C4C-A9F3-0B9893A930FA}.Debug|Any CPU.Build.0 = Debug|Any CPU
		{1EB8727A-7230-4C4C-A9F3-0B9893A930FA}.Release|Any CPU.ActiveCfg = Release|Any CPU
		{1EB8727A-7230-4C4C-A9F3-0B9893A930FA}.Release|Any CPU.Build.0 = Release|Any CPU
	EndGlobalSection
EndGlobal
