
Microsoft Visual Studio Solution File, Format Version 12.00
# Visual Studio Version 17
VisualStudioVersion = 17.5.33516.290
MinimumVisualStudioVersion = 10.0.40219.1
Project("{FAE04EC0-301F-11D3-BF4B-00C04F79EFBC}") = "7_operadores_comparativos", "7_operadores_comparativos.csproj", "{0A022DC8-1528-4F71-98EB-B46489848934}"
EndProject
Global
	GlobalSection(SolutionConfigurationPlatforms) = preSolution
		Debug|Any CPU = Debug|Any CPU
		Release|Any CPU = Release|Any CPU
	EndGlobalSection
	GlobalSection(ProjectConfigurationPlatforms) = postSolution
		{0A022DC8-1528-4F71-98EB-B46489848934}.Debug|Any CPU.ActiveCfg = Debug|Any CPU
		{0A022DC8-1528-4F71-98EB-B46489848934}.Debug|Any CPU.Build.0 = Debug|Any CPU
		{0A022DC8-1528-4F71-98EB-B46489848934}.Release|Any CPU.ActiveCfg = Release|Any CPU
		{0A022DC8-1528-4F71-98EB-B46489848934}.Release|Any CPU.Build.0 = Release|Any CPU
	EndGlobalSection
	GlobalSection(SolutionProperties) = preSolution
		HideSolutionNode = FALSE
	EndGlobalSection
	GlobalSection(ExtensibilityGlobals) = postSolution
		SolutionGuid = {DFAABC88-3418-4AB0-9846-22F72A013EA8}
	EndGlobalSection
EndGlobal
