
Microsoft Visual Studio Solution File, Format Version 12.00
# Visual Studio Version 17
VisualStudioVersion = 17.6.33723.286
MinimumVisualStudioVersion = 10.0.40219.1
Project("{FAE04EC0-301F-11D3-BF4B-00C04F79EFBC}") = "LinqDemo1", "LinqDemo1\LinqDemo1.csproj", "{80465E70-91D0-471C-A53C-215438A80E2E}"
EndProject
Global
	GlobalSection(SolutionConfigurationPlatforms) = preSolution
		Debug|Any CPU = Debug|Any CPU
		Release|Any CPU = Release|Any CPU
	EndGlobalSection
	GlobalSection(ProjectConfigurationPlatforms) = postSolution
		{80465E70-91D0-471C-A53C-215438A80E2E}.Debug|Any CPU.ActiveCfg = Debug|Any CPU
		{80465E70-91D0-471C-A53C-215438A80E2E}.Debug|Any CPU.Build.0 = Debug|Any CPU
		{80465E70-91D0-471C-A53C-215438A80E2E}.Release|Any CPU.ActiveCfg = Release|Any CPU
		{80465E70-91D0-471C-A53C-215438A80E2E}.Release|Any CPU.Build.0 = Release|Any CPU
	EndGlobalSection
	GlobalSection(SolutionProperties) = preSolution
		HideSolutionNode = FALSE
	EndGlobalSection
	GlobalSection(ExtensibilityGlobals) = postSolution
		SolutionGuid = {C9A7C863-48C5-4B7A-B6E7-26DB88C0706D}
	EndGlobalSection
EndGlobal
