
Microsoft Visual Studio Solution File, Format Version 12.00
# Visual Studio Version 17
VisualStudioVersion = 17.5.33516.290
MinimumVisualStudioVersion = 10.0.40219.1
Project("{FAE04EC0-301F-11D3-BF4B-00C04F79EFBC}") = "3_operadores_de_atribuicao", "3_operadores_de_atribuicao.csproj", "{B3511911-7EC6-4A1C-929F-54486911B625}"
EndProject
Global
	GlobalSection(SolutionConfigurationPlatforms) = preSolution
		Debug|Any CPU = Debug|Any CPU
		Release|Any CPU = Release|Any CPU
	EndGlobalSection
	GlobalSection(ProjectConfigurationPlatforms) = postSolution
		{B3511911-7EC6-4A1C-929F-54486911B625}.Debug|Any CPU.ActiveCfg = Debug|Any CPU
		{B3511911-7EC6-4A1C-929F-54486911B625}.Debug|Any CPU.Build.0 = Debug|Any CPU
		{B3511911-7EC6-4A1C-929F-54486911B625}.Release|Any CPU.ActiveCfg = Release|Any CPU
		{B3511911-7EC6-4A1C-929F-54486911B625}.Release|Any CPU.Build.0 = Release|Any CPU
	EndGlobalSection
	GlobalSection(SolutionProperties) = preSolution
		HideSolutionNode = FALSE
	EndGlobalSection
	GlobalSection(ExtensibilityGlobals) = postSolution
		SolutionGuid = {0C89177C-9EB5-4900-9FCB-2FD7BD1F7AAE}
	EndGlobalSection
EndGlobal
