
Microsoft Visual Studio Solution File, Format Version 12.00
# Visual Studio Version 17
VisualStudioVersion = 17.6.33723.286
MinimumVisualStudioVersion = 10.0.40219.1
Project("{FAE04EC0-301F-11D3-BF4B-00C04F79EFBC}") = "Lambda4", "Lambda4\Lambda4.csproj", "{A5E17643-2599-4F46-AA18-9F37DA98EE01}"
EndProject
Global
	GlobalSection(SolutionConfigurationPlatforms) = preSolution
		Debug|Any CPU = Debug|Any CPU
		Release|Any CPU = Release|Any CPU
	EndGlobalSection
	GlobalSection(ProjectConfigurationPlatforms) = postSolution
		{A5E17643-2599-4F46-AA18-9F37DA98EE01}.Debug|Any CPU.ActiveCfg = Debug|Any CPU
		{A5E17643-2599-4F46-AA18-9F37DA98EE01}.Debug|Any CPU.Build.0 = Debug|Any CPU
		{A5E17643-2599-4F46-AA18-9F37DA98EE01}.Release|Any CPU.ActiveCfg = Release|Any CPU
		{A5E17643-2599-4F46-AA18-9F37DA98EE01}.Release|Any CPU.Build.0 = Release|Any CPU
	EndGlobalSection
	GlobalSection(SolutionProperties) = preSolution
		HideSolutionNode = FALSE
	EndGlobalSection
	GlobalSection(ExtensibilityGlobals) = postSolution
		SolutionGuid = {E4AB7CB0-93EE-4DA9-9304-31317BA1A086}
	EndGlobalSection
EndGlobal
