
Microsoft Visual Studio Solution File, Format Version 12.00
# Visual Studio Version 17
VisualStudioVersion = 17.6.33723.286
MinimumVisualStudioVersion = 10.0.40219.1
Project("{FAE04EC0-301F-11D3-BF4B-00C04F79EFBC}") = "Exercise2", "Exercise2\Exercise2.csproj", "{5635B89A-7662-463E-B8A1-40AF1CFA1DB0}"
EndProject
Global
	GlobalSection(SolutionConfigurationPlatforms) = preSolution
		Debug|Any CPU = Debug|Any CPU
		Release|Any CPU = Release|Any CPU
	EndGlobalSection
	GlobalSection(ProjectConfigurationPlatforms) = postSolution
		{5635B89A-7662-463E-B8A1-40AF1CFA1DB0}.Debug|Any CPU.ActiveCfg = Debug|Any CPU
		{5635B89A-7662-463E-B8A1-40AF1CFA1DB0}.Debug|Any CPU.Build.0 = Debug|Any CPU
		{5635B89A-7662-463E-B8A1-40AF1CFA1DB0}.Release|Any CPU.ActiveCfg = Release|Any CPU
		{5635B89A-7662-463E-B8A1-40AF1CFA1DB0}.Release|Any CPU.Build.0 = Release|Any CPU
	EndGlobalSection
	GlobalSection(SolutionProperties) = preSolution
		HideSolutionNode = FALSE
	EndGlobalSection
	GlobalSection(ExtensibilityGlobals) = postSolution
		SolutionGuid = {3E61875D-8F24-403A-A002-1FE4FCB0FED8}
	EndGlobalSection
EndGlobal
