
Microsoft Visual Studio Solution File, Format Version 12.00
# Visual Studio Version 17
VisualStudioVersion = 17.6.33723.286
MinimumVisualStudioVersion = 10.0.40219.1
Project("{FAE04EC0-301F-11D3-BF4B-00C04F79EFBC}") = "Exercise1", "Exercise1\Exercise1.csproj", "{C0C8F985-43DD-45C6-8FCA-2EEA277851B7}"
EndProject
Global
	GlobalSection(SolutionConfigurationPlatforms) = preSolution
		Debug|Any CPU = Debug|Any CPU
		Release|Any CPU = Release|Any CPU
	EndGlobalSection
	GlobalSection(ProjectConfigurationPlatforms) = postSolution
		{C0C8F985-43DD-45C6-8FCA-2EEA277851B7}.Debug|Any CPU.ActiveCfg = Debug|Any CPU
		{C0C8F985-43DD-45C6-8FCA-2EEA277851B7}.Debug|Any CPU.Build.0 = Debug|Any CPU
		{C0C8F985-43DD-45C6-8FCA-2EEA277851B7}.Release|Any CPU.ActiveCfg = Release|Any CPU
		{C0C8F985-43DD-45C6-8FCA-2EEA277851B7}.Release|Any CPU.Build.0 = Release|Any CPU
	EndGlobalSection
	GlobalSection(SolutionProperties) = preSolution
		HideSolutionNode = FALSE
	EndGlobalSection
	GlobalSection(ExtensibilityGlobals) = postSolution
		SolutionGuid = {0EB2CAD7-565D-4B21-8BD8-02F13B2C972B}
	EndGlobalSection
EndGlobal
