
Microsoft Visual Studio Solution File, Format Version 12.00
# Visual Studio Version 17
VisualStudioVersion = 17.5.33516.290
MinimumVisualStudioVersion = 10.0.40219.1
Project("{FAE04EC0-301F-11D3-BF4B-00C04F79EFBC}") = "PRIMEIRO_PROBLEMA", "PRIMEIRO_PROBLEMA.csproj", "{EA371AA7-BD28-45FA-84D1-F390EF018C8E}"
EndProject
Global
	GlobalSection(SolutionConfigurationPlatforms) = preSolution
		Debug|Any CPU = Debug|Any CPU
		Release|Any CPU = Release|Any CPU
	EndGlobalSection
	GlobalSection(ProjectConfigurationPlatforms) = postSolution
		{EA371AA7-BD28-45FA-84D1-F390EF018C8E}.Debug|Any CPU.ActiveCfg = Debug|Any CPU
		{EA371AA7-BD28-45FA-84D1-F390EF018C8E}.Debug|Any CPU.Build.0 = Debug|Any CPU
		{EA371AA7-BD28-45FA-84D1-F390EF018C8E}.Release|Any CPU.ActiveCfg = Release|Any CPU
		{EA371AA7-BD28-45FA-84D1-F390EF018C8E}.Release|Any CPU.Build.0 = Release|Any CPU
	EndGlobalSection
	GlobalSection(SolutionProperties) = preSolution
		HideSolutionNode = FALSE
	EndGlobalSection
	GlobalSection(ExtensibilityGlobals) = postSolution
		SolutionGuid = {03624D0D-F46F-4B9B-B899-8ED89CCA666F}
	EndGlobalSection
EndGlobal
