
Microsoft Visual Studio Solution File, Format Version 12.00
# Visual Studio Version 17
VisualStudioVersion = 17.5.33530.505
MinimumVisualStudioVersion = 10.0.40219.1
Project("{FAE04EC0-301F-11D3-BF4B-00C04F79EFBC}") = "Lists", "Lists\Lists.csproj", "{C846E26F-D7A5-466E-A624-631415DA2B95}"
EndProject
Global
	GlobalSection(SolutionConfigurationPlatforms) = preSolution
		Debug|Any CPU = Debug|Any CPU
		Release|Any CPU = Release|Any CPU
	EndGlobalSection
	GlobalSection(ProjectConfigurationPlatforms) = postSolution
		{C846E26F-D7A5-466E-A624-631415DA2B95}.Debug|Any CPU.ActiveCfg = Debug|Any CPU
		{C846E26F-D7A5-466E-A624-631415DA2B95}.Debug|Any CPU.Build.0 = Debug|Any CPU
		{C846E26F-D7A5-466E-A624-631415DA2B95}.Release|Any CPU.ActiveCfg = Release|Any CPU
		{C846E26F-D7A5-466E-A624-631415DA2B95}.Release|Any CPU.Build.0 = Release|Any CPU
	EndGlobalSection
	GlobalSection(SolutionProperties) = preSolution
		HideSolutionNode = FALSE
	EndGlobalSection
	GlobalSection(ExtensibilityGlobals) = postSolution
		SolutionGuid = {4BEBDB32-EC62-4E23-9188-BFB875392738}
	EndGlobalSection
EndGlobal
