
Microsoft Visual Studio Solution File, Format Version 12.00
# Visual Studio Version 17
VisualStudioVersion = 17.5.33516.290
MinimumVisualStudioVersion = 10.0.40219.1
Project("{FAE04EC0-301F-11D3-BF4B-00C04F79EFBC}") = "PrimeiroPrograma", "PrimeiroPrograma.csproj", "{8105BF0C-987E-46DF-9125-3A83EBA660F4}"
EndProject
Global
	GlobalSection(SolutionConfigurationPlatforms) = preSolution
		Debug|Any CPU = Debug|Any CPU
		Release|Any CPU = Release|Any CPU
	EndGlobalSection
	GlobalSection(ProjectConfigurationPlatforms) = postSolution
		{8105BF0C-987E-46DF-9125-3A83EBA660F4}.Debug|Any CPU.ActiveCfg = Debug|Any CPU
		{8105BF0C-987E-46DF-9125-3A83EBA660F4}.Debug|Any CPU.Build.0 = Debug|Any CPU
		{8105BF0C-987E-46DF-9125-3A83EBA660F4}.Release|Any CPU.ActiveCfg = Release|Any CPU
		{8105BF0C-987E-46DF-9125-3A83EBA660F4}.Release|Any CPU.Build.0 = Release|Any CPU
	EndGlobalSection
	GlobalSection(SolutionProperties) = preSolution
		HideSolutionNode = FALSE
	EndGlobalSection
	GlobalSection(ExtensibilityGlobals) = postSolution
		SolutionGuid = {2AAA9DCD-B3D9-448A-8A6B-32AF7A0DF42A}
	EndGlobalSection
EndGlobal
