
Microsoft Visual Studio Solution File, Format Version 12.00
# Visual Studio Version 17
VisualStudioVersion = 17.5.33530.505
MinimumVisualStudioVersion = 10.0.40219.1
Project("{FAE04EC0-301F-11D3-BF4B-00C04F79EFBC}") = "Matrizes", "Matrizes\Matrizes.csproj", "{79732457-84CA-4AB2-B448-0C35E985E198}"
EndProject
Global
	GlobalSection(SolutionConfigurationPlatforms) = preSolution
		Debug|Any CPU = Debug|Any CPU
		Release|Any CPU = Release|Any CPU
	EndGlobalSection
	GlobalSection(ProjectConfigurationPlatforms) = postSolution
		{79732457-84CA-4AB2-B448-0C35E985E198}.Debug|Any CPU.ActiveCfg = Debug|Any CPU
		{79732457-84CA-4AB2-B448-0C35E985E198}.Debug|Any CPU.Build.0 = Debug|Any CPU
		{79732457-84CA-4AB2-B448-0C35E985E198}.Release|Any CPU.ActiveCfg = Release|Any CPU
		{79732457-84CA-4AB2-B448-0C35E985E198}.Release|Any CPU.Build.0 = Release|Any CPU
	EndGlobalSection
	GlobalSection(SolutionProperties) = preSolution
		HideSolutionNode = FALSE
	EndGlobalSection
	GlobalSection(ExtensibilityGlobals) = postSolution
		SolutionGuid = {D8321EFC-42E6-41CD-8342-4C34AF8A1F77}
	EndGlobalSection
EndGlobal
