
Microsoft Visual Studio Solution File, Format Version 12.00
# Visual Studio Version 17
VisualStudioVersion = 17.6.33723.286
MinimumVisualStudioVersion = 10.0.40219.1
Project("{FAE04EC0-301F-11D3-BF4B-00C04F79EFBC}") = "Set1", "Set1\Set1.csproj", "{FB131C87-9973-443D-BF51-9B9E13F6F7A6}"
EndProject
Global
	GlobalSection(SolutionConfigurationPlatforms) = preSolution
		Debug|Any CPU = Debug|Any CPU
		Release|Any CPU = Release|Any CPU
	EndGlobalSection
	GlobalSection(ProjectConfigurationPlatforms) = postSolution
		{FB131C87-9973-443D-BF51-9B9E13F6F7A6}.Debug|Any CPU.ActiveCfg = Debug|Any CPU
		{FB131C87-9973-443D-BF51-9B9E13F6F7A6}.Debug|Any CPU.Build.0 = Debug|Any CPU
		{FB131C87-9973-443D-BF51-9B9E13F6F7A6}.Release|Any CPU.ActiveCfg = Release|Any CPU
		{FB131C87-9973-443D-BF51-9B9E13F6F7A6}.Release|Any CPU.Build.0 = Release|Any CPU
	EndGlobalSection
	GlobalSection(SolutionProperties) = preSolution
		HideSolutionNode = FALSE
	EndGlobalSection
	GlobalSection(ExtensibilityGlobals) = postSolution
		SolutionGuid = {B6001D82-60A7-4216-8B00-17765DBA80E0}
	EndGlobalSection
EndGlobal
