
Microsoft Visual Studio Solution File, Format Version 12.00
# Visual Studio Version 17
VisualStudioVersion = 17.5.33530.505
MinimumVisualStudioVersion = 10.0.40219.1
Project("{FAE04EC0-301F-11D3-BF4B-00C04F79EFBC}") = "tipos_referencia_tipos_valor", "tipos_referencia_tipos_valor\tipos_referencia_tipos_valor.csproj", "{ED7F6745-289E-4CFF-BA8C-9DF4645A5604}"
EndProject
Global
	GlobalSection(SolutionConfigurationPlatforms) = preSolution
		Debug|Any CPU = Debug|Any CPU
		Release|Any CPU = Release|Any CPU
	EndGlobalSection
	GlobalSection(ProjectConfigurationPlatforms) = postSolution
		{ED7F6745-289E-4CFF-BA8C-9DF4645A5604}.Debug|Any CPU.ActiveCfg = Debug|Any CPU
		{ED7F6745-289E-4CFF-BA8C-9DF4645A5604}.Debug|Any CPU.Build.0 = Debug|Any CPU
		{ED7F6745-289E-4CFF-BA8C-9DF4645A5604}.Release|Any CPU.ActiveCfg = Release|Any CPU
		{ED7F6745-289E-4CFF-BA8C-9DF4645A5604}.Release|Any CPU.Build.0 = Release|Any CPU
	EndGlobalSection
	GlobalSection(SolutionProperties) = preSolution
		HideSolutionNode = FALSE
	EndGlobalSection
	GlobalSection(ExtensibilityGlobals) = postSolution
		SolutionGuid = {FBB663F1-C014-4D2C-90FB-4B2BD58A0C3B}
	EndGlobalSection
EndGlobal
