
Microsoft Visual Studio Solution File, Format Version 12.00
# Visual Studio Version 17
VisualStudioVersion = 17.6.33712.159
MinimumVisualStudioVersion = 10.0.40219.1
Project("{FAE04EC0-301F-11D3-BF4B-00C04F79EFBC}") = "Interfaces4", "Interfaces4\Interfaces4.csproj", "{F94DC5CA-160C-4B93-BAFF-C84D661E824E}"
EndProject
Global
	GlobalSection(SolutionConfigurationPlatforms) = preSolution
		Debug|Any CPU = Debug|Any CPU
		Release|Any CPU = Release|Any CPU
	EndGlobalSection
	GlobalSection(ProjectConfigurationPlatforms) = postSolution
		{F94DC5CA-160C-4B93-BAFF-C84D661E824E}.Debug|Any CPU.ActiveCfg = Debug|Any CPU
		{F94DC5CA-160C-4B93-BAFF-C84D661E824E}.Debug|Any CPU.Build.0 = Debug|Any CPU
		{F94DC5CA-160C-4B93-BAFF-C84D661E824E}.Release|Any CPU.ActiveCfg = Release|Any CPU
		{F94DC5CA-160C-4B93-BAFF-C84D661E824E}.Release|Any CPU.Build.0 = Release|Any CPU
	EndGlobalSection
	GlobalSection(SolutionProperties) = preSolution
		HideSolutionNode = FALSE
	EndGlobalSection
	GlobalSection(ExtensibilityGlobals) = postSolution
		SolutionGuid = {F8E16F33-7E8D-4B4D-BDE7-55C43B99C566}
	EndGlobalSection
EndGlobal
