
Microsoft Visual Studio Solution File, Format Version 12.00
# Visual Studio Version 17
VisualStudioVersion = 17.6.33723.286
MinimumVisualStudioVersion = 10.0.40219.1
Project("{FAE04EC0-301F-11D3-BF4B-00C04F79EFBC}") = "Course", "Course\Course.csproj", "{C084955B-5410-4465-9BF5-688081A4408A}"
EndProject
Global
	GlobalSection(SolutionConfigurationPlatforms) = preSolution
		Debug|Any CPU = Debug|Any CPU
		Release|Any CPU = Release|Any CPU
	EndGlobalSection
	GlobalSection(ProjectConfigurationPlatforms) = postSolution
		{C084955B-5410-4465-9BF5-688081A4408A}.Debug|Any CPU.ActiveCfg = Debug|Any CPU
		{C084955B-5410-4465-9BF5-688081A4408A}.Debug|Any CPU.Build.0 = Debug|Any CPU
		{C084955B-5410-4465-9BF5-688081A4408A}.Release|Any CPU.ActiveCfg = Release|Any CPU
		{C084955B-5410-4465-9BF5-688081A4408A}.Release|Any CPU.Build.0 = Release|Any CPU
	EndGlobalSection
	GlobalSection(SolutionProperties) = preSolution
		HideSolutionNode = FALSE
	EndGlobalSection
	GlobalSection(ExtensibilityGlobals) = postSolution
		SolutionGuid = {676D9FE7-F9F4-4F1B-A1CD-6789D130FA7E}
	EndGlobalSection
EndGlobal
