
Microsoft Visual Studio Solution File, Format Version 12.00
# Visual Studio Version 17
VisualStudioVersion = 17.5.33516.290
MinimumVisualStudioVersion = 10.0.40219.1
Project("{FAE04EC0-301F-11D3-BF4B-00C04F79EFBC}") = "6_entrada_de_dados", "6_entrada_de_dados.csproj", "{0786823F-3201-4EE0-A1BE-629A42F06666}"
EndProject
Global
	GlobalSection(SolutionConfigurationPlatforms) = preSolution
		Debug|Any CPU = Debug|Any CPU
		Release|Any CPU = Release|Any CPU
	EndGlobalSection
	GlobalSection(ProjectConfigurationPlatforms) = postSolution
		{0786823F-3201-4EE0-A1BE-629A42F06666}.Debug|Any CPU.ActiveCfg = Debug|Any CPU
		{0786823F-3201-4EE0-A1BE-629A42F06666}.Debug|Any CPU.Build.0 = Debug|Any CPU
		{0786823F-3201-4EE0-A1BE-629A42F06666}.Release|Any CPU.ActiveCfg = Release|Any CPU
		{0786823F-3201-4EE0-A1BE-629A42F06666}.Release|Any CPU.Build.0 = Release|Any CPU
	EndGlobalSection
	GlobalSection(SolutionProperties) = preSolution
		HideSolutionNode = FALSE
	EndGlobalSection
	GlobalSection(ExtensibilityGlobals) = postSolution
		SolutionGuid = {13CD0E76-2E15-4FE1-8B7F-F0DBEAAACF3F}
	EndGlobalSection
EndGlobal
