
Microsoft Visual Studio Solution File, Format Version 12.00
# Visual Studio Version 17
VisualStudioVersion = 17.6.33723.286
MinimumVisualStudioVersion = 10.0.40219.1
Project("{FAE04EC0-301F-11D3-BF4B-00C04F79EFBC}") = "ExemploPOO", "ExemploPOO\ExemploPOO.csproj", "{FFAF8334-1CE1-437B-BEAA-D88943A7BABB}"
EndProject
Global
	GlobalSection(SolutionConfigurationPlatforms) = preSolution
		Debug|Any CPU = Debug|Any CPU
		Release|Any CPU = Release|Any CPU
	EndGlobalSection
	GlobalSection(ProjectConfigurationPlatforms) = postSolution
		{FFAF8334-1CE1-437B-BEAA-D88943A7BABB}.Debug|Any CPU.ActiveCfg = Debug|Any CPU
		{FFAF8334-1CE1-437B-BEAA-D88943A7BABB}.Debug|Any CPU.Build.0 = Debug|Any CPU
		{FFAF8334-1CE1-437B-BEAA-D88943A7BABB}.Release|Any CPU.ActiveCfg = Release|Any CPU
		{FFAF8334-1CE1-437B-BEAA-D88943A7BABB}.Release|Any CPU.Build.0 = Release|Any CPU
	EndGlobalSection
	GlobalSection(SolutionProperties) = preSolution
		HideSolutionNode = FALSE
	EndGlobalSection
	GlobalSection(ExtensibilityGlobals) = postSolution
		SolutionGuid = {85DDD949-8238-4A07-9FB1-2A42E38454C7}
	EndGlobalSection
EndGlobal
