
Microsoft Visual Studio Solution File, Format Version 12.00
# Visual Studio Version 17
VisualStudioVersion = 17.6.33723.286
MinimumVisualStudioVersion = 10.0.40219.1
Project("{FAE04EC0-301F-11D3-BF4B-00C04F79EFBC}") = "Lambda2", "Lambda2\Lambda2.csproj", "{9655C95B-3FBB-4724-AD8E-C7A455F423FB}"
EndProject
Global
	GlobalSection(SolutionConfigurationPlatforms) = preSolution
		Debug|Any CPU = Debug|Any CPU
		Release|Any CPU = Release|Any CPU
	EndGlobalSection
	GlobalSection(ProjectConfigurationPlatforms) = postSolution
		{9655C95B-3FBB-4724-AD8E-C7A455F423FB}.Debug|Any CPU.ActiveCfg = Debug|Any CPU
		{9655C95B-3FBB-4724-AD8E-C7A455F423FB}.Debug|Any CPU.Build.0 = Debug|Any CPU
		{9655C95B-3FBB-4724-AD8E-C7A455F423FB}.Release|Any CPU.ActiveCfg = Release|Any CPU
		{9655C95B-3FBB-4724-AD8E-C7A455F423FB}.Release|Any CPU.Build.0 = Release|Any CPU
	EndGlobalSection
	GlobalSection(SolutionProperties) = preSolution
		HideSolutionNode = FALSE
	EndGlobalSection
	GlobalSection(ExtensibilityGlobals) = postSolution
		SolutionGuid = {91AD1BEB-BDED-462F-B52E-E3CB5EDBD3B4}
	EndGlobalSection
EndGlobal
