
Microsoft Visual Studio Solution File, Format Version 12.00
# Visual Studio Version 17
VisualStudioVersion = 17.5.33627.172
MinimumVisualStudioVersion = 10.0.40219.1
Project("{FAE04EC0-301F-11D3-BF4B-00C04F79EFBC}") = "Course", "Course\Course.csproj", "{37010453-EE6E-4600-BAC5-43289B5D684C}"
EndProject
Global
	GlobalSection(SolutionConfigurationPlatforms) = preSolution
		Debug|Any CPU = Debug|Any CPU
		Release|Any CPU = Release|Any CPU
	EndGlobalSection
	GlobalSection(ProjectConfigurationPlatforms) = postSolution
		{37010453-EE6E-4600-BAC5-43289B5D684C}.Debug|Any CPU.ActiveCfg = Debug|Any CPU
		{37010453-EE6E-4600-BAC5-43289B5D684C}.Debug|Any CPU.Build.0 = Debug|Any CPU
		{37010453-EE6E-4600-BAC5-43289B5D684C}.Release|Any CPU.ActiveCfg = Release|Any CPU
		{37010453-EE6E-4600-BAC5-43289B5D684C}.Release|Any CPU.Build.0 = Release|Any CPU
	EndGlobalSection
	GlobalSection(SolutionProperties) = preSolution
		HideSolutionNode = FALSE
	EndGlobalSection
	GlobalSection(ExtensibilityGlobals) = postSolution
		SolutionGuid = {2A39C28E-48C4-466E-AD65-23ACE117EC8F}
	EndGlobalSection
EndGlobal
